
Microsoft Visual Studio Solution File, Format Version 12.00
# Visual Studio Version 17
VisualStudioVersion = 17.1.32210.238
MinimumVisualStudioVersion = 10.0.40219.1
Project("{9A19103F-16F7-4668-BE54-9A1E7A4F7556}") = "CleanArchitectureTemplate.WebAPI", "CleanArchitectureTemplate.WebAPI\CleanArchitectureTemplate.WebAPI.csproj", "{4263BC88-36C3-4C79-9E05-CF22491BDC66}"
EndProject
Project("{FAE04EC0-301F-11D3-BF4B-00C04F79EFBC}") = "CleanArchitectureTemplate.Domain", "CleanArchitectureTemplate.Domain\CleanArchitectureTemplate.Domain.csproj", "{EB072609-466A-4CA7-B47F-DAAF1107221A}"
EndProject
Project("{FAE04EC0-301F-11D3-BF4B-00C04F79EFBC}") = "CleanArchitectureTemplate.Application", "CleanArchitectureTemplate.Application\CleanArchitectureTemplate.Application.csproj", "{E4839276-A14A-4F31-8F79-44541E9EF403}"
EndProject
Project("{FAE04EC0-301F-11D3-BF4B-00C04F79EFBC}") = "CleanArchitectureTemplate.Infrastructure", "CleanArchitectureTemplate.Infrastructure\CleanArchitectureTemplate.Infrastructure.csproj", "{07D07447-3264-4C1B-AF2E-33AB5A3D64BB}"
EndProject
Global
	GlobalSection(SolutionConfigurationPlatforms) = preSolution
		Debug|Any CPU = Debug|Any CPU
		Release|Any CPU = Release|Any CPU
	EndGlobalSection
	GlobalSection(ProjectConfigurationPlatforms) = postSolution
		{4263BC88-36C3-4C79-9E05-CF22491BDC66}.Debug|Any CPU.ActiveCfg = Debug|Any CPU
		{4263BC88-36C3-4C79-9E05-CF22491BDC66}.Debug|Any CPU.Build.0 = Debug|Any CPU
		{4263BC88-36C3-4C79-9E05-CF22491BDC66}.Release|Any CPU.ActiveCfg = Release|Any CPU
		{4263BC88-36C3-4C79-9E05-CF22491BDC66}.Release|Any CPU.Build.0 = Release|Any CPU
		{EB072609-466A-4CA7-B47F-DAAF1107221A}.Debug|Any CPU.ActiveCfg = Debug|Any CPU
		{EB072609-466A-4CA7-B47F-DAAF1107221A}.Debug|Any CPU.Build.0 = Debug|Any CPU
		{EB072609-466A-4CA7-B47F-DAAF1107221A}.Release|Any CPU.ActiveCfg = Release|Any CPU
		{EB072609-466A-4CA7-B47F-DAAF1107221A}.Release|Any CPU.Build.0 = Release|Any CPU
		{E4839276-A14A-4F31-8F79-44541E9EF403}.Debug|Any CPU.ActiveCfg = Debug|Any CPU
		{E4839276-A14A-4F31-8F79-44541E9EF403}.Debug|Any CPU.Build.0 = Debug|Any CPU
		{E4839276-A14A-4F31-8F79-44541E9EF403}.Release|Any CPU.ActiveCfg = Release|Any CPU
		{E4839276-A14A-4F31-8F79-44541E9EF403}.Release|Any CPU.Build.0 = Release|Any CPU
		{07D07447-3264-4C1B-AF2E-33AB5A3D64BB}.Debug|Any CPU.ActiveCfg = Debug|Any CPU
		{07D07447-3264-4C1B-AF2E-33AB5A3D64BB}.Debug|Any CPU.Build.0 = Debug|Any CPU
		{07D07447-3264-4C1B-AF2E-33AB5A3D64BB}.Release|Any CPU.ActiveCfg = Release|Any CPU
		{07D07447-3264-4C1B-AF2E-33AB5A3D64BB}.Release|Any CPU.Build.0 = Release|Any CPU
	EndGlobalSection
	GlobalSection(SolutionProperties) = preSolution
		HideSolutionNode = FALSE
	EndGlobalSection
	GlobalSection(ExtensibilityGlobals) = postSolution
		SolutionGuid = {C36DFD30-BB7F-42F2-A8BF-B688C6FDCCA6}
	EndGlobalSection
EndGlobal
